#MicroXplorer Configuration settings - do not modify
CAN.BS1=CAN_BS1_4TQ
CAN.BS2=CAN_BS2_3TQ
CAN.CalculateTimeBit=2000
CAN.CalculateTimeQuantum=250.0
CAN.IPParameters=CalculateTimeQuantum,CalculateTimeBit,BS1,BS2,SJW,Prescaler
CAN.Prescaler=9
CAN.SJW=CAN_SJW_1TQ
FREERTOS.FootprintOK=true
FREERTOS.INCLUDE_pcTaskGetTaskName=1
FREERTOS.INCLUDE_uxTaskGetStackHighWaterMark=1
FREERTOS.INCLUDE_xTaskGetCurrentTaskHandle=1
FREERTOS.IPParameters=Tasks01,configUSE_STATS_FORMATTING_FUNCTIONS,configUSE_TRACE_FACILITY,configGENERATE_RUN_TIME_STATS,FootprintOK,configTOTAL_HEAP_SIZE,INCLUDE_uxTaskGetStackHighWaterMark,INCLUDE_xTaskGetCurrentTaskHandle,INCLUDE_pcTaskGetTaskName
FREERTOS.Tasks01=defaultTask,-2,256,StartDefaultTask,Default,NULL,Dynamic,NULL,NULL;CAN_Task,0,128,CAN_Start_Task,As external,NULL,Dynamic,NULL,NULL
FREERTOS.configGENERATE_RUN_TIME_STATS=1
FREERTOS.configTOTAL_HEAP_SIZE=5000
FREERTOS.configUSE_STATS_FORMATTING_FUNCTIONS=1
FREERTOS.configUSE_TRACE_FACILITY=1
File.Version=6
GPIO.groupedBy=Group By Peripherals
KeepUserPlacement=false
Mcu.Family=STM32F1
Mcu.IP0=CAN
Mcu.IP1=FREERTOS
Mcu.IP2=NVIC
Mcu.IP3=RCC
Mcu.IP4=SYS
Mcu.IP5=TIM2
Mcu.IP6=TIM3
Mcu.IPNb=7
Mcu.Name=STM32F103C(8-B)Tx
Mcu.Package=LQFP48
Mcu.Pin0=PD0-OSC_IN
Mcu.Pin1=PD1-OSC_OUT
Mcu.Pin10=PB10
Mcu.Pin11=PB11
Mcu.Pin12=PB12
Mcu.Pin13=PB13
Mcu.Pin14=PB14
Mcu.Pin15=PB15
Mcu.Pin16=PA11
Mcu.Pin17=PA12
Mcu.Pin18=PA13
Mcu.Pin19=PA14
Mcu.Pin2=PA3
Mcu.Pin20=PB3
Mcu.Pin21=VP_FREERTOS_VS_CMSIS_V1
Mcu.Pin22=VP_SYS_VS_tim4
Mcu.Pin23=VP_TIM2_VS_ClockSourceINT
Mcu.Pin24=VP_TIM3_VS_ClockSourceINT
Mcu.Pin3=PA4
Mcu.Pin4=PA5
Mcu.Pin5=PA6
Mcu.Pin6=PA7
Mcu.Pin7=PB0
Mcu.Pin8=PB1
Mcu.Pin9=PB2
Mcu.PinsNb=25
Mcu.ThirdPartyNb=0
Mcu.UserConstants=
Mcu.UserName=STM32F103CBTx
MxCube.Version=5.6.0
MxDb.Version=DB.5.0.60
NVIC.BusFault_IRQn=true\:0\:0\:false\:false\:true\:false\:false\:false
NVIC.CAN1_RX1_IRQn=true\:5\:0\:false\:false\:true\:true\:true\:true
NVIC.DebugMonitor_IRQn=true\:0\:0\:false\:false\:true\:false\:false\:false
NVIC.ForceEnableDMAVector=true
NVIC.HardFault_IRQn=true\:0\:0\:false\:false\:true\:false\:false\:false
NVIC.MemoryManagement_IRQn=true\:0\:0\:false\:false\:true\:false\:false\:false
NVIC.NonMaskableInt_IRQn=true\:0\:0\:false\:false\:true\:false\:false\:false
NVIC.PendSV_IRQn=true\:15\:0\:false\:false\:false\:true\:false\:false
NVIC.PriorityGroup=NVIC_PRIORITYGROUP_4
NVIC.SVCall_IRQn=true\:0\:0\:false\:false\:false\:false\:false\:false
NVIC.SysTick_IRQn=true\:15\:0\:false\:false\:false\:true\:false\:false
NVIC.TIM2_IRQn=true\:5\:0\:false\:false\:true\:true\:true\:true
NVIC.TIM4_IRQn=true\:0\:0\:false\:false\:true\:false\:false\:true
NVIC.TimeBase=TIM4_IRQn
NVIC.TimeBaseIP=TIM4
NVIC.USB_LP_CAN1_RX0_IRQn=true\:5\:0\:false\:false\:true\:true\:true\:true
NVIC.UsageFault_IRQn=true\:0\:0\:false\:false\:true\:false\:false\:false
PA11.GPIOParameters=GPIO_PuPd
PA11.GPIO_PuPd=GPIO_PULLDOWN
PA11.Mode=Master
PA11.Signal=CAN_RX
PA12.Mode=Master
PA12.Signal=CAN_TX
PA13.Mode=Trace_Asynchronous_SW
PA13.Signal=SYS_JTMS-SWDIO
PA14.Mode=Trace_Asynchronous_SW
PA14.Signal=SYS_JTCK-SWCLK
PA3.GPIOParameters=PinState,GPIO_Label
PA3.GPIO_Label=F
PA3.Locked=true
PA3.PinState=GPIO_PIN_SET
PA3.Signal=GPIO_Output
PA4.GPIOParameters=PinState,GPIO_Label
PA4.GPIO_Label=A
PA4.Locked=true
PA4.PinState=GPIO_PIN_SET
PA4.Signal=GPIO_Output
PA5.GPIOParameters=PinState,GPIO_Label
PA5.GPIO_Label=B
PA5.Locked=true
PA5.PinState=GPIO_PIN_SET
PA5.Signal=GPIO_Output
PA6.GPIOParameters=PinState,GPIO_Label
PA6.GPIO_Label=C
PA6.Locked=true
PA6.PinState=GPIO_PIN_SET
PA6.Signal=GPIO_Output
PA7.GPIOParameters=PinState,GPIO_Label
PA7.GPIO_Label=DP
PA7.Locked=true
PA7.PinState=GPIO_PIN_SET
PA7.Signal=GPIO_Output
PB0.GPIOParameters=GPIO_Label
PB0.GPIO_Label=PWM
PB0.Locked=true
PB0.Signal=GPIO_Output
PB1.GPIOParameters=GPIO_Label
PB1.GPIO_Label=Led1
PB1.Locked=true
PB1.Signal=GPIO_Output
PB10.GPIOParameters=PinState,GPIO_Label
PB10.GPIO_Label=D
PB10.Locked=true
PB10.PinState=GPIO_PIN_SET
PB10.Signal=GPIO_Output
PB11.GPIOParameters=PinState,GPIO_Label
PB11.GPIO_Label=G
PB11.Locked=true
PB11.PinState=GPIO_PIN_SET
PB11.Signal=GPIO_Output
PB12.GPIOParameters=GPIO_PuPd,GPIO_Label
PB12.GPIO_Label=Addr3
PB12.GPIO_PuPd=GPIO_PULLDOWN
PB12.Locked=true
PB12.Signal=GPIO_Input
PB13.GPIOParameters=GPIO_PuPd,GPIO_Label
PB13.GPIO_Label=Addr2
PB13.GPIO_PuPd=GPIO_PULLDOWN
PB13.Locked=true
PB13.Signal=GPIO_Input
PB14.GPIOParameters=GPIO_PuPd,GPIO_Label
PB14.GPIO_Label=Addr1
PB14.GPIO_PuPd=GPIO_PULLDOWN
PB14.Locked=true
PB14.Signal=GPIO_Input
PB15.GPIOParameters=GPIO_PuPd,GPIO_Label
PB15.GPIO_Label=Addr0
PB15.GPIO_PuPd=GPIO_PULLDOWN
PB15.Locked=true
PB15.Signal=GPIO_Input
PB2.GPIOParameters=PinState,GPIO_Label
PB2.GPIO_Label=E
PB2.Locked=true
PB2.PinState=GPIO_PIN_SET
PB2.Signal=GPIO_Output
PB3.Mode=Trace_Asynchronous_SW
PB3.Signal=SYS_JTDO-TRACESWO
PD0-OSC_IN.Mode=HSE-External-Oscillator
PD0-OSC_IN.Signal=RCC_OSC_IN
PD1-OSC_OUT.Mode=HSE-External-Oscillator
PD1-OSC_OUT.Signal=RCC_OSC_OUT
PinOutPanel.RotationAngle=0
ProjectManager.AskForMigrate=true
ProjectManager.BackupPrevious=false
ProjectManager.CompilerOptimize=6
ProjectManager.ComputerToolchain=false
ProjectManager.CoupleFile=true
ProjectManager.CustomerFirmwarePackage=
ProjectManager.DefaultFWLocation=true
ProjectManager.DeletePrevious=true
ProjectManager.DeviceId=STM32F103CBTx
ProjectManager.FirmwarePackage=STM32Cube FW_F1 V1.8.0
ProjectManager.FreePins=false
ProjectManager.HalAssertFull=true
ProjectManager.HeapSize=0x200
ProjectManager.KeepUserCode=true
ProjectManager.LastFirmware=true
ProjectManager.LibraryCopy=0
ProjectManager.MainLocation=Src
ProjectManager.NoMain=false
ProjectManager.PreviousToolchain=
ProjectManager.ProjectBuild=false
ProjectManager.ProjectFileName=RTOS_CANOpen2.ioc
ProjectManager.ProjectName=RTOS_CANOpen2
ProjectManager.StackSize=0x400
ProjectManager.TargetToolchain=Makefile
ProjectManager.ToolChainLocation=
ProjectManager.UnderRoot=false
ProjectManager.functionlistsort=1-MX_GPIO_Init-GPIO-false-HAL-true,2-SystemClock_Config-RCC-false-HAL-false,3-MX_TIM3_Init-TIM3-false-HAL-true,4-MX_CAN_Init-CAN-false-HAL-true,5-MX_TIM2_Init-TIM2-false-HAL-true
RCC.ADCFreqValue=12000000
RCC.ADCPresc=RCC_ADCPCLK2_DIV6
RCC.AHBFreq_Value=72000000
RCC.APB1CLKDivider=RCC_HCLK_DIV2
RCC.APB1Freq_Value=36000000
RCC.APB1TimFreq_Value=72000000
RCC.APB2Freq_Value=72000000
RCC.APB2TimFreq_Value=72000000
RCC.FCLKCortexFreq_Value=72000000
RCC.FamilyName=M
RCC.HCLKFreq_Value=72000000
RCC.IPParameters=ADCFreqValue,ADCPresc,AHBFreq_Value,APB1CLKDivider,APB1Freq_Value,APB1TimFreq_Value,APB2Freq_Value,APB2TimFreq_Value,FCLKCortexFreq_Value,FamilyName,HCLKFreq_Value,MCOFreq_Value,PLLCLKFreq_Value,PLLMCOFreq_Value,PLLMUL,PLLSourceVirtual,SYSCLKFreq_VALUE,SYSCLKSource,TimSysFreq_Value,USBFreq_Value,VCOOutput2Freq_Value
RCC.MCOFreq_Value=72000000
RCC.PLLCLKFreq_Value=72000000
RCC.PLLMCOFreq_Value=36000000
RCC.PLLMUL=RCC_PLL_MUL9
RCC.PLLSourceVirtual=RCC_PLLSOURCE_HSE
RCC.SYSCLKFreq_VALUE=72000000
RCC.SYSCLKSource=RCC_SYSCLKSOURCE_PLLCLK
RCC.TimSysFreq_Value=72000000
RCC.USBFreq_Value=72000000
RCC.VCOOutput2Freq_Value=8000000
TIM2.IPParameters=Period,Prescaler
TIM2.Period=0xFFFF
TIM2.Prescaler=7100-1
TIM3.IPParameters=Period
TIM3.Period=2048-1
VP_FREERTOS_VS_CMSIS_V1.Mode=CMSIS_V1
VP_FREERTOS_VS_CMSIS_V1.Signal=FREERTOS_VS_CMSIS_V1
VP_SYS_VS_tim4.Mode=TIM4
VP_SYS_VS_tim4.Signal=SYS_VS_tim4
VP_TIM2_VS_ClockSourceINT.Mode=Internal
VP_TIM2_VS_ClockSourceINT.Signal=TIM2_VS_ClockSourceINT
VP_TIM3_VS_ClockSourceINT.Mode=Internal
VP_TIM3_VS_ClockSourceINT.Signal=TIM3_VS_ClockSourceINT
board=custom
